// !$*UTF8*$!
{
	archiveVersion = 1;
	classes = {
	};
	objectVersion = 50;
	objects = {

/* Begin PBXBuildFile section */
		3B7697EE269700AE00C5FCBD /* AppDelegate.swift in Sources */ = {isa = PBXBuildFile; fileRef = 3B7697ED269700AE00C5FCBD /* AppDelegate.swift */; };
		3B7697F0269700AE00C5FCBD /* art.scnassets in Resources */ = {isa = PBXBuildFile; fileRef = 3B7697EF269700AE00C5FCBD /* art.scnassets */; };
		3B7697F2269700AE00C5FCBD /* MainVC.swift in Sources */ = {isa = PBXBuildFile; fileRef = 3B7697F1269700AE00C5FCBD /* MainVC.swift */; };
		3B7697F5269700AE00C5FCBD /* Main.storyboard in Resources */ = {isa = PBXBuildFile; fileRef = 3B7697F3269700AE00C5FCBD /* Main.storyboard */; };
		3B7697F7269700B200C5FCBD /* Assets.xcassets in Resources */ = {isa = PBXBuildFile; fileRef = 3B7697F6269700B200C5FCBD /* Assets.xcassets */; };
		3B7697FA269700B200C5FCBD /* LaunchScreen.storyboard in Resources */ = {isa = PBXBuildFile; fileRef = 3B7697F8269700B200C5FCBD /* LaunchScreen.storyboard */; };
		3B76982326972C0600C5FCBD /* RampPickerVC.swift in Sources */ = {isa = PBXBuildFile; fileRef = 3B76982226972C0600C5FCBD /* RampPickerVC.swift */; };
		3B769826269841BC00C5FCBD /* Ramp.swift in Sources */ = {isa = PBXBuildFile; fileRef = 3B769825269841BC00C5FCBD /* Ramp.swift */; };
/* End PBXBuildFile section */

/* Begin PBXFileReference section */
		3B7697EA269700AE00C5FCBD /* ramp-up-arkit.app */ = {isa = PBXFileReference; explicitFileType = wrapper.application; includeInIndex = 0; path = "ramp-up-arkit.app"; sourceTree = BUILT_PRODUCTS_DIR; };
		3B7697ED269700AE00C5FCBD /* AppDelegate.swift */ = {isa = PBXFileReference; lastKnownFileType = sourcecode.swift; path = AppDelegate.swift; sourceTree = "<group>"; };
		3B7697EF269700AE00C5FCBD /* art.scnassets */ = {isa = PBXFileReference; lastKnownFileType = wrapper.scnassets; path = art.scnassets; sourceTree = "<group>"; };
		3B7697F1269700AE00C5FCBD /* MainVC.swift */ = {isa = PBXFileReference; lastKnownFileType = sourcecode.swift; path = MainVC.swift; sourceTree = "<group>"; };
		3B7697F4269700AE00C5FCBD /* Base */ = {isa = PBXFileReference; lastKnownFileType = file.storyboard; name = Base; path = Base.lproj/Main.storyboard; sourceTree = "<group>"; };
		3B7697F6269700B200C5FCBD /* Assets.xcassets */ = {isa = PBXFileReference; lastKnownFileType = folder.assetcatalog; path = Assets.xcassets; sourceTree = "<group>"; };
		3B7697F9269700B200C5FCBD /* Base */ = {isa = PBXFileReference; lastKnownFileType = file.storyboard; name = Base; path = Base.lproj/LaunchScreen.storyboard; sourceTree = "<group>"; };
		3B7697FB269700B200C5FCBD /* Info.plist */ = {isa = PBXFileReference; lastKnownFileType = text.plist.xml; path = Info.plist; sourceTree = "<group>"; };
		3B76982226972C0600C5FCBD /* RampPickerVC.swift */ = {isa = PBXFileReference; lastKnownFileType = sourcecode.swift; path = RampPickerVC.swift; sourceTree = "<group>"; };
		3B769825269841BC00C5FCBD /* Ramp.swift */ = {isa = PBXFileReference; lastKnownFileType = sourcecode.swift; path = Ramp.swift; sourceTree = "<group>"; };
/* End PBXFileReference section */

/* Begin PBXFrameworksBuildPhase section */
		3B7697E7269700AE00C5FCBD /* Frameworks */ = {
			isa = PBXFrameworksBuildPhase;
			buildActionMask = 2147483647;
			files = (
			);
			runOnlyForDeploymentPostprocessing = 0;
		};
/* End PBXFrameworksBuildPhase section */

/* Begin PBXGroup section */
		3B7697E1269700AD00C5FCBD = {
			isa = PBXGroup;
			children = (
				3B7697EC269700AE00C5FCBD /* ramp-up-arkit */,
				3B7697EB269700AE00C5FCBD /* Products */,
			);
			sourceTree = "<group>";
		};
		3B7697EB269700AE00C5FCBD /* Products */ = {
			isa = PBXGroup;
			children = (
				3B7697EA269700AE00C5FCBD /* ramp-up-arkit.app */,
			);
			name = Products;
			sourceTree = "<group>";
		};
		3B7697EC269700AE00C5FCBD /* ramp-up-arkit */ = {
			isa = PBXGroup;
			children = (
				3B769824269841AD00C5FCBD /* Model */,
				3B76982126972BB700C5FCBD /* Controllers */,
				3B7697ED269700AE00C5FCBD /* AppDelegate.swift */,
				3B7697EF269700AE00C5FCBD /* art.scnassets */,
				3B7697F3269700AE00C5FCBD /* Main.storyboard */,
				3B7697F6269700B200C5FCBD /* Assets.xcassets */,
				3B7697F8269700B200C5FCBD /* LaunchScreen.storyboard */,
				3B7697FB269700B200C5FCBD /* Info.plist */,
			);
			path = "ramp-up-arkit";
			sourceTree = "<group>";
		};
		3B76982126972BB700C5FCBD /* Controllers */ = {
			isa = PBXGroup;
			children = (
				3B7697F1269700AE00C5FCBD /* MainVC.swift */,
				3B76982226972C0600C5FCBD /* RampPickerVC.swift */,
			);
			path = Controllers;
			sourceTree = "<group>";
		};
		3B769824269841AD00C5FCBD /* Model */ = {
			isa = PBXGroup;
			children = (
				3B769825269841BC00C5FCBD /* Ramp.swift */,
			);
			path = Model;
			sourceTree = "<group>";
		};
/* End PBXGroup section */

/* Begin PBXNativeTarget section */
		3B7697E9269700AE00C5FCBD /* ramp-up-arkit */ = {
			isa = PBXNativeTarget;
			buildConfigurationList = 3B7697FE269700B200C5FCBD /* Build configuration list for PBXNativeTarget "ramp-up-arkit" */;
			buildPhases = (
				3B7697E6269700AE00C5FCBD /* Sources */,
				3B7697E7269700AE00C5FCBD /* Frameworks */,
				3B7697E8269700AE00C5FCBD /* Resources */,
			);
			buildRules = (
			);
			dependencies = (
			);
			name = "ramp-up-arkit";
			productName = "ramp-up-arkit";
			productReference = 3B7697EA269700AE00C5FCBD /* ramp-up-arkit.app */;
			productType = "com.apple.product-type.application";
		};
/* End PBXNativeTarget section */

/* Begin PBXProject section */
		3B7697E2269700AD00C5FCBD /* Project object */ = {
			isa = PBXProject;
			attributes = {
				LastSwiftUpdateCheck = 1250;
				LastUpgradeCheck = 1250;
				TargetAttributes = {
					3B7697E9269700AE00C5FCBD = {
						CreatedOnToolsVersion = 12.5.1;
					};
				};
			};
			buildConfigurationList = 3B7697E5269700AD00C5FCBD /* Build configuration list for PBXProject "ramp-up-arkit" */;
			compatibilityVersion = "Xcode 9.3";
			developmentRegion = en;
			hasScannedForEncodings = 0;
			knownRegions = (
				en,
				Base,
			);
			mainGroup = 3B7697E1269700AD00C5FCBD;
			productRefGroup = 3B7697EB269700AE00C5FCBD /* Products */;
			projectDirPath = "";
			projectRoot = "";
			targets = (
				3B7697E9269700AE00C5FCBD /* ramp-up-arkit */,
			);
		};
/* End PBXProject section */

/* Begin PBXResourcesBuildPhase section */
		3B7697E8269700AE00C5FCBD /* Resources */ = {
			isa = PBXResourcesBuildPhase;
			buildActionMask = 2147483647;
			files = (
				3B7697F0269700AE00C5FCBD /* art.scnassets in Resources */,
				3B7697FA269700B200C5FCBD /* LaunchScreen.storyboard in Resources */,
				3B7697F7269700B200C5FCBD /* Assets.xcassets in Resources */,
				3B7697F5269700AE00C5FCBD /* Main.storyboard in Resources */,
			);
			runOnlyForDeploymentPostprocessing = 0;
		};
/* End PBXResourcesBuildPhase section */

/* Begin PBXSourcesBuildPhase section */
		3B7697E6269700AE00C5FCBD /* Sources */ = {
			isa = PBXSourcesBuildPhase;
			buildActionMask = 2147483647;
			files = (
				3B7697F2269700AE00C5FCBD /* MainVC.swift in Sources */,
				3B769826269841BC00C5FCBD /* Ramp.swift in Sources */,
				3B76982326972C0600C5FCBD /* RampPickerVC.swift in Sources */,
				3B7697EE269700AE00C5FCBD /* AppDelegate.swift in Sources */,
			);
			runOnlyForDeploymentPostprocessing = 0;
		};
/* End PBXSourcesBuildPhase section */

/* Begin PBXVariantGroup section */
		3B7697F3269700AE00C5FCBD /* Main.storyboard */ = {
			isa = PBXVariantGroup;
			children = (
				3B7697F4269700AE00C5FCBD /* Base */,
			);
			name = Main.storyboard;
			sourceTree = "<group>";
		};
		3B7697F8269700B200C5FCBD /* LaunchScreen.storyboard */ = {
			isa = PBXVariantGroup;
			children = (
				3B7697F9269700B200C5FCBD /* Base */,
			);
			name = LaunchScreen.storyboard;
			sourceTree = "<group>";
		};
/* End PBXVariantGroup section */

/* Begin XCBuildConfiguration section */
		3B7697FC269700B200C5FCBD /* Debug */ = {
			isa = XCBuildConfiguration;
			buildSettings = {
				ALWAYS_SEARCH_USER_PATHS = NO;
				CLANG_ANALYZER_NONNULL = YES;
				CLANG_ANALYZER_NUMBER_OBJECT_CONVERSION = YES_AGGRESSIVE;
				CLANG_CXX_LANGUAGE_STANDARD = "gnu++14";
				CLANG_CXX_LIBRARY = "libc++";
				CLANG_ENABLE_MODULES = YES;
				CLANG_ENABLE_OBJC_ARC = YES;
				CLANG_ENABLE_OBJC_WEAK = YES;
				CLANG_WARN_BLOCK_CAPTURE_AUTORELEASING = YES;
				CLANG_WARN_BOOL_CONVERSION = YES;
				CLANG_WARN_COMMA = YES;
				CLANG_WARN_CONSTANT_CONVERSION = YES;
				CLANG_WARN_DEPRECATED_OBJC_IMPLEMENTATIONS = YES;
				CLANG_WARN_DIRECT_OBJC_ISA_USAGE = YES_ERROR;
				CLANG_WARN_DOCUMENTATION_COMMENTS = YES;
				CLANG_WARN_EMPTY_BODY = YES;
				CLANG_WARN_ENUM_CONVERSION = YES;
				CLANG_WARN_INFINITE_RECURSION = YES;
				CLANG_WARN_INT_CONVERSION = YES;
				CLANG_WARN_NON_LITERAL_NULL_CONVERSION = YES;
				CLANG_WARN_OBJC_IMPLICIT_RETAIN_SELF = YES;
				CLANG_WARN_OBJC_LITERAL_CONVERSION = YES;
				CLANG_WARN_OBJC_ROOT_CLASS = YES_ERROR;
				CLANG_WARN_QUOTED_INCLUDE_IN_FRAMEWORK_HEADER = YES;
				CLANG_WARN_RANGE_LOOP_ANALYSIS = YES;
				CLANG_WARN_STRICT_PROTOTYPES = YES;
				CLANG_WARN_SUSPICIOUS_MOVE = YES;
				CLANG_WARN_UNGUARDED_AVAILABILITY = YES_AGGRESSIVE;
				CLANG_WARN_UNREACHABLE_CODE = YES;
				CLANG_WARN__DUPLICATE_METHOD_MATCH = YES;
				COPY_PHASE_STRIP = NO;
				DEBUG_INFORMATION_FORMAT = dwarf;
				ENABLE_STRICT_OBJC_MSGSEND = YES;
				ENABLE_TESTABILITY = YES;
				GCC_C_LANGUAGE_STANDARD = gnu11;
				GCC_DYNAMIC_NO_PIC = NO;
				GCC_NO_COMMON_BLOCKS = YES;
				GCC_OPTIMIZATION_LEVEL = 0;
				GCC_PREPROCESSOR_DEFINITIONS = (
					"DEBUG=1",
					"$(inherited)",
				);
				GCC_WARN_64_TO_32_BIT_CONVERSION = YES;
				GCC_WARN_ABOUT_RETURN_TYPE = YES_ERROR;
				GCC_WARN_UNDECLARED_SELECTOR = YES;
				GCC_WARN_UNINITIALIZED_AUTOS = YES_AGGRESSIVE;
				GCC_WARN_UNUSED_FUNCTION = YES;
				GCC_WARN_UNUSED_VARIABLE = YES;
				IPHONEOS_DEPLOYMENT_TARGET = 14.5;
				MTL_ENABLE_DEBUG_INFO = INCLUDE_SOURCE;
				MTL_FAST_MATH = YES;
				ONLY_ACTIVE_ARCH = YES;
				SDKROOT = iphoneos;
				SWIFT_ACTIVE_COMPILATION_CONDITIONS = DEBUG;
				SWIFT_OPTIMIZATION_LEVEL = "-Onone";
			};
			name = Debug;
		};
		3B7697FD269700B200C5FCBD /* Release */ = {
			isa = XCBuildConfiguration;
			buildSettings = {
				ALWAYS_SEARCH_USER_PATHS = NO;
				CLANG_ANALYZER_NONNULL = YES;
				CLANG_ANALYZER_NUMBER_OBJECT_CONVERSION = YES_AGGRESSIVE;
				CLANG_CXX_LANGUAGE_STANDARD = "gnu++14";
				CLANG_CXX_LIBRARY = "libc++";
				CLANG_ENABLE_MODULES = YES;
				CLANG_ENABLE_OBJC_ARC = YES;
				CLANG_ENABLE_OBJC_WEAK = YES;
				CLANG_WARN_BLOCK_CAPTURE_AUTORELEASING = YES;
				CLANG_WARN_BOOL_CONVERSION = YES;
				CLANG_WARN_COMMA = YES;
				CLANG_WARN_CONSTANT_CONVERSION = YES;
				CLANG_WARN_DEPRECATED_OBJC_IMPLEMENTATIONS = YES;
				CLANG_WARN_DIRECT_OBJC_ISA_USAGE = YES_ERROR;
				CLANG_WARN_DOCUMENTATION_COMMENTS = YES;
				CLANG_WARN_EMPTY_BODY = YES;
				CLANG_WARN_ENUM_CONVERSION = YES;
				CLANG_WARN_INFINITE_RECURSION = YES;
				CLANG_WARN_INT_CONVERSION = YES;
				CLANG_WARN_NON_LITERAL_NULL_CONVERSION = YES;
				CLANG_WARN_OBJC_IMPLICIT_RETAIN_SELF = YES;
				CLANG_WARN_OBJC_LITERAL_CONVERSION = YES;
				CLANG_WARN_OBJC_ROOT_CLASS = YES_ERROR;
				CLANG_WARN_QUOTED_INCLUDE_IN_FRAMEWORK_HEADER = YES;
				CLANG_WARN_RANGE_LOOP_ANALYSIS = YES;
				CLANG_WARN_STRICT_PROTOTYPES = YES;
				CLANG_WARN_SUSPICIOUS_MOVE = YES;
				CLANG_WARN_UNGUARDED_AVAILABILITY = YES_AGGRESSIVE;
				CLANG_WARN_UNREACHABLE_CODE = YES;
				CLANG_WARN__DUPLICATE_METHOD_MATCH = YES;
				COPY_PHASE_STRIP = NO;
				DEBUG_INFORMATION_FORMAT = "dwarf-with-dsym";
				ENABLE_NS_ASSERTIONS = NO;
				ENABLE_STRICT_OBJC_MSGSEND = YES;
				GCC_C_LANGUAGE_STANDARD = gnu11;
				GCC_NO_COMMON_BLOCKS = YES;
				GCC_WARN_64_TO_32_BIT_CONVERSION = YES;
				GCC_WARN_ABOUT_RETURN_TYPE = YES_ERROR;
				GCC_WARN_UNDECLARED_SELECTOR = YES;
				GCC_WARN_UNINITIALIZED_AUTOS = YES_AGGRESSIVE;
				GCC_WARN_UNUSED_FUNCTION = YES;
				GCC_WARN_UNUSED_VARIABLE = YES;
				IPHONEOS_DEPLOYMENT_TARGET = 14.5;
				MTL_ENABLE_DEBUG_INFO = NO;
				MTL_FAST_MATH = YES;
				SDKROOT = iphoneos;
				SWIFT_COMPILATION_MODE = wholemodule;
				SWIFT_OPTIMIZATION_LEVEL = "-O";
				VALIDATE_PRODUCT = YES;
			};
			name = Release;
		};
		3B7697FF269700B200C5FCBD /* Debug */ = {
			isa = XCBuildConfiguration;
			buildSettings = {
				ASSETCATALOG_COMPILER_APPICON_NAME = AppIcon;
				ASSETCATALOG_COMPILER_GLOBAL_ACCENT_COLOR_NAME = AccentColor;
				CODE_SIGN_STYLE = Automatic;
				DEVELOPMENT_TEAM = V2H3E86QCC;
				INFOPLIST_FILE = "ramp-up-arkit/Info.plist";
				IPHONEOS_DEPLOYMENT_TARGET = 11.0;
				LD_RUNPATH_SEARCH_PATHS = (
					"$(inherited)",
					"@executable_path/Frameworks",
				);
				PRODUCT_BUNDLE_IDENTIFIER = "com.amapps.ramp-up-arkit";
				PRODUCT_NAME = "$(TARGET_NAME)";
				SWIFT_VERSION = 5.0;
				TARGETED_DEVICE_FAMILY = "1,2";
			};
			name = Debug;
		};
		3B769800269700B200C5FCBD /* Release */ = {
			isa = XCBuildConfiguration;
			buildSettings = {
				ASSETCATALOG_COMPILER_APPICON_NAME = AppIcon;
				ASSETCATALOG_COMPILER_GLOBAL_ACCENT_COLOR_NAME = AccentColor;
				CODE_SIGN_STYLE = Automatic;
				DEVELOPMENT_TEAM = V2H3E86QCC;
				INFOPLIST_FILE = "ramp-up-arkit/Info.plist";
				IPHONEOS_DEPLOYMENT_TARGET = 11.0;
				LD_RUNPATH_SEARCH_PATHS = (
					"$(inherited)",
					"@executable_path/Frameworks",
				);
				PRODUCT_BUNDLE_IDENTIFIER = "com.amapps.ramp-up-arkit";
				PRODUCT_NAME = "$(TARGET_NAME)";
				SWIFT_VERSION = 5.0;
				TARGETED_DEVICE_FAMILY = "1,2";
			};
			name = Release;
		};
/* End XCBuildConfiguration section */

/* Begin XCConfigurationList section */
		3B7697E5269700AD00C5FCBD /* Build configuration list for PBXProject "ramp-up-arkit" */ = {
			isa = XCConfigurationList;
			buildConfigurations = (
				3B7697FC269700B200C5FCBD /* Debug */,
				3B7697FD269700B200C5FCBD /* Release */,
			);
			defaultConfigurationIsVisible = 0;
			defaultConfigurationName = Release;
		};
		3B7697FE269700B200C5FCBD /* Build configuration list for PBXNativeTarget "ramp-up-arkit" */ = {
			isa = XCConfigurationList;
			buildConfigurations = (
				3B7697FF269700B200C5FCBD /* Debug */,
				3B769800269700B200C5FCBD /* Release */,
			);
			defaultConfigurationIsVisible = 0;
			defaultConfigurationName = Release;
		};
/* End XCConfigurationList section */
	};
	rootObject = 3B7697E2269700AD00C5FCBD /* Project object */;
}
